GEM
  remote: https://rubygems.org/
  specs:
    diff-lcs (1.6.2)
    rspec (3.13.2)
      rspec-core (~> 3.13.0)
      rspec-expectations (~> 3.13.0)
      rspec-mocks (~> 3.13.0)
    rspec-abq (1.2.0)
      rspec-core (>= 3.8.0, < 3.14.0)
    rspec-core (3.13.6)
      rspec-support (~> 3.13.0)
    rspec-expectations (3.13.5)
      diff-lcs (>= 1.2.0, < 2.0)
      rspec-support (~> 3.13.0)
    rspec-mocks (3.13.8)
      diff-lcs (>= 1.2.0, < 2.0)
      rspec-support (~> 3.13.0)
    rspec-support (3.13.7)

PLATFORMS
  arm64-darwin-21
  x86_64-darwin-21
  x86_64-linux

DEPENDENCIES
  rspec
  rspec-abq

BUNDLED WITH
   2.3.13
